
Microsoft Visual Studio Solution File, Format Version 12.00
# Visual Studio Version 17
VisualStudioVersion = 17.5.002.0
MinimumVisualStudioVersion = 10.0.40219.1
Project("{9A19103F-16F7-4668-BE54-9A1E7A4F7556}") = "MuseDashXDGLab", "MuseDashXDGLab.csproj", "{4DC3199F-26C1-4325-9701-6214152DC438}"
EndProject
Global
	GlobalSection(SolutionConfigurationPlatforms) = preSolution
		Debug|Any CPU = Debug|Any CPU
		Release|Any CPU = Release|Any CPU
	EndGlobalSection
	GlobalSection(ProjectConfigurationPlatforms) = postSolution
		{4DC3199F-26C1-4325-9701-6214152DC438}.Debug|Any CPU.ActiveCfg = Debug|Any CPU
		{4DC3199F-26C1-4325-9701-6214152DC438}.Debug|Any CPU.Build.0 = Debug|Any CPU
		{4DC3199F-26C1-4325-9701-6214152DC438}.Release|Any CPU.ActiveCfg = Release|Any CPU
		{4DC3199F-26C1-4325-9701-6214152DC438}.Release|Any CPU.Build.0 = Release|Any CPU
	EndGlobalSection
	GlobalSection(SolutionProperties) = preSolution
		HideSolutionNode = FALSE
	EndGlobalSection
	GlobalSection(ExtensibilityGlobals) = postSolution
		SolutionGuid = {A860D42A-B5B9-4FC5-BD1A-160F46B943A3}
	EndGlobalSection
EndGlobal
